
Microsoft Visual Studio Solution File, Format Version 12.00
# Visual Studio 15
VisualStudioVersion = 15.0.28307.852
MinimumVisualStudioVersion = 10.0.40219.1
Project("{FAE04EC0-301F-11D3-BF4B-00C04F79EFBC}") = "assignment2C2P", "assignment2C2P\assignment2C2P.csproj", "{300B6B57-A8F1-489A-84C9-EAFE164457D4}"
EndProject
Global
	GlobalSection(SolutionConfigurationPlatforms) = preSolution
		Debug|Any CPU = Debug|Any CPU
		Release|Any CPU = Release|Any CPU
	EndGlobalSection
	GlobalSection(ProjectConfigurationPlatforms) = postSolution
		{300B6B57-A8F1-489A-84C9-EAFE164457D4}.Debug|Any CPU.ActiveCfg = Debug|Any CPU
		{300B6B57-A8F1-489A-84C9-EAFE164457D4}.Debug|Any CPU.Build.0 = Debug|Any CPU
		{300B6B57-A8F1-489A-84C9-EAFE164457D4}.Release|Any CPU.ActiveCfg = Release|Any CPU
		{300B6B57-A8F1-489A-84C9-EAFE164457D4}.Release|Any CPU.Build.0 = Release|Any CPU
	EndGlobalSection
	GlobalSection(SolutionProperties) = preSolution
		HideSolutionNode = FALSE
	EndGlobalSection
	GlobalSection(ExtensibilityGlobals) = postSolution
		SolutionGuid = {5C3D39EE-70AF-4268-80F1-C7A5D6CCE118}
	EndGlobalSection
EndGlobal
